
Microsoft Visual Studio Solution File, Format Version 12.00
# Visual Studio Version 16
VisualStudioVersion = 16.0.31424.327
MinimumVisualStudioVersion = 10.0.40219.1
Project("{FAE04EC0-301F-11D3-BF4B-00C04F79EFBC}") = "Blackjack", "Blackjack\Blackjack.csproj", "{1DBD4F54-7D56-43F7-BDE8-C49991CFCEE2}"
EndProject
Global
	GlobalSection(SolutionConfigurationPlatforms) = preSolution
		Debug|Any CPU = Debug|Any CPU
		Release|Any CPU = Release|Any CPU
	EndGlobalSection
	GlobalSection(ProjectConfigurationPlatforms) = postSolution
		{1DBD4F54-7D56-43F7-BDE8-C49991CFCEE2}.Debug|Any CPU.ActiveCfg = Debug|Any CPU
		{1DBD4F54-7D56-43F7-BDE8-C49991CFCEE2}.Debug|Any CPU.Build.0 = Debug|Any CPU
		{1DBD4F54-7D56-43F7-BDE8-C49991CFCEE2}.Release|Any CPU.ActiveCfg = Release|Any CPU
		{1DBD4F54-7D56-43F7-BDE8-C49991CFCEE2}.Release|Any CPU.Build.0 = Release|Any CPU
	EndGlobalSection
	GlobalSection(SolutionProperties) = preSolution
		HideSolutionNode = FALSE
	EndGlobalSection
	GlobalSection(ExtensibilityGlobals) = postSolution
		SolutionGuid = {D23CCE1C-00E2-4F08-818D-B0ADCF122B59}
	EndGlobalSection
EndGlobal
